prepare_data:
  cmd: python ./prepare_data.py --config ./configs/prepare_data.yml
  deps:
  - path: ./configs/prepare_data.yml
    md5: bca44fa9f227be197d1ea6eac98c2be9
    size: 93
  - path: ./prepare_data.py
    md5: de88834a3cd9ee96fe697ef4bf0f5ffd
    size: 573
  outs:
  - path: ./data/simple-shapes
    md5: 7eb4f06a1dd9031da3506ae150d330c0.dir
    size: 52966401
    nfiles: 2254
train_model:
  cmd: python ./train.py --config ./configs/base_params.yml
  deps:
  - path: ./configs/base_params.yml
    md5: 44227a4188a99e98a05de311bd1d0082
    size: 113
  - path: ./configs/prepare_data.yml
    md5: bca44fa9f227be197d1ea6eac98c2be9
    size: 93
  - path: ./data/simple-shapes
    md5: 7eb4f06a1dd9031da3506ae150d330c0.dir
    size: 52966401
    nfiles: 2254
  - path: ./point_cloud_cls
    md5: 9e08b5844494ace9d374a87a22381e38.dir
    size: 20650
    nfiles: 10
  - path: ./train.py
    md5: c1b4b17573e277ae68fff043c5589a56
    size: 10731
  params:
    train_param.py:
      DataParams.batch_size: 64
      DataParams.epochs: 50
      DataParams.num_points: 512
      ModelParams.in_chan: 3
      ModelParams.num_neighborhoods: 32
      OptimizerParams.amsgrad: false
      OptimizerParams.betas:
      - 0.9
      - 0.999
      OptimizerParams.eps: 1e-08
      OptimizerParams.lr: 0.1
      OptimizerParams.weight_decay: 0.01
      SEED: 100
      SchedulerParams.eta_min: 0.0001
      SchedulerParams.verbose: true
  outs:
  - path: ./exp
    md5: 1f8ed5a2c94ccf01139a28f6e88e2253.dir
    size: 20341918
    nfiles: 67
