prepare_data:
  cmd: python ./prepare_data.py --config ./configs/prepare_data.yml
  deps:
  - path: ./configs/prepare_data.yml
    md5: 35cf285709de03be99eb22fa88c0bed7
    size: 134
  - path: ./prepare_data.py
    md5: 41be5742cbc30c4888a5f7af95cf40bd
    size: 678
  outs:
  - path: ./train_data/simple-shapes
    md5: 0d9e84920319f0460a5cf072a53d222e.dir
    size: 25495352
    nfiles: 5
train_model:
  cmd: python ./train.py --config ./configs/base_params.yml
  deps:
  - path: ./configs/base_params.yml
    md5: 44227a4188a99e98a05de311bd1d0082
    size: 113
  - path: ./configs/prepare_data.yml
    md5: bca44fa9f227be197d1ea6eac98c2be9
    size: 93
  - path: ./data/simple-shapes
    md5: 7eb4f06a1dd9031da3506ae150d330c0.dir
    size: 52966401
    nfiles: 2254
  - path: ./point_cloud_cls
    md5: 9e08b5844494ace9d374a87a22381e38.dir
    size: 20650
    nfiles: 10
  - path: ./train.py
    md5: c1b4b17573e277ae68fff043c5589a56
    size: 10731
  params:
    train_param.py:
      DataParams.batch_size: 64
      DataParams.epochs: 50
      DataParams.num_points: 512
      ModelParams.in_chan: 3
      ModelParams.num_neighborhoods: 32
      OptimizerParams.amsgrad: false
      OptimizerParams.betas:
      - 0.9
      - 0.999
      OptimizerParams.eps: 1e-08
      OptimizerParams.lr: 0.1
      OptimizerParams.weight_decay: 0.01
      SEED: 100
      SchedulerParams.eta_min: 0.0001
      SchedulerParams.verbose: true
  outs:
  - path: ./exp
    md5: 1f8ed5a2c94ccf01139a28f6e88e2253.dir
    size: 20341918
    nfiles: 67
export_model:
  cmd: python ./export_model.py --config ./configs/export_model.yml
  deps:
  - path: ./configs/export_model.yml
    md5: 1ecce98bf73e08ba2d043e04a24ff900
    size: 132
  - path: ./configs/prepare_data.yml
    md5: bca44fa9f227be197d1ea6eac98c2be9
    size: 93
  - path: ./exp/checkpoints/model_state_48.pth
    md5: e1fef55e5e5b4de8cd0d0e9ee38ee30f
    size: 289159
  - path: ./export_model.py
    md5: f0a571c7ccbe223549a147c905606b1a
    size: 2935
  - path: ./point_cloud_cls
    md5: e4ccca7fe97eac60aec442936a2706ae.dir
    size: 20641
    nfiles: 10
  outs:
  - path: ./inference-data
    md5: 4957489a6ab1e7b0d549c0b022964d02.dir
    size: 289665
    nfiles: 3
